
Microsoft Visual Studio Solution File, Format Version 12.00
# Visual Studio Version 17
VisualStudioVersion = 17.0.31919.166
MinimumVisualStudioVersion = 10.0.40219.1
Project("{9A19103F-16F7-4668-BE54-9A1E7A4F7556}") = "WeatherApp", "WeatherApp\WeatherApp.csproj", "{2AD7D117-5679-4F1D-9A01-846F164BCFBD}"
EndProject
Project("{9A19103F-16F7-4668-BE54-9A1E7A4F7556}") = "WeatherLibrary", "WeatherLibrary\WeatherLibrary.csproj", "{DDCF32DF-E7EE-42C8-AC51-11A0BFF9790F}"
EndProject
Global
	GlobalSection(SolutionConfigurationPlatforms) = preSolution
		Debug|Any CPU = Debug|Any CPU
		Debug|ARM = Debug|ARM
		Debug|ARM64 = Debug|ARM64
		Debug|x64 = Debug|x64
		Debug|x86 = Debug|x86
		Release|Any CPU = Release|Any CPU
		Release|ARM = Release|ARM
		Release|ARM64 = Release|ARM64
		Release|x64 = Release|x64
		Release|x86 = Release|x86
	EndGlobalSection
	GlobalSection(ProjectConfigurationPlatforms) = postSolution
		{2AD7D117-5679-4F1D-9A01-846F164BCFBD}.Debug|Any CPU.ActiveCfg = Debug|Any CPU
		{2AD7D117-5679-4F1D-9A01-846F164BCFBD}.Debug|Any CPU.Build.0 = Debug|Any CPU
		{2AD7D117-5679-4F1D-9A01-846F164BCFBD}.Debug|ARM.ActiveCfg = Debug|Any CPU
		{2AD7D117-5679-4F1D-9A01-846F164BCFBD}.Debug|ARM.Build.0 = Debug|Any CPU
		{2AD7D117-5679-4F1D-9A01-846F164BCFBD}.Debug|ARM64.ActiveCfg = Debug|Any CPU
		{2AD7D117-5679-4F1D-9A01-846F164BCFBD}.Debug|ARM64.Build.0 = Debug|Any CPU
		{2AD7D117-5679-4F1D-9A01-846F164BCFBD}.Debug|x64.ActiveCfg = Debug|Any CPU
		{2AD7D117-5679-4F1D-9A01-846F164BCFBD}.Debug|x64.Build.0 = Debug|Any CPU
		{2AD7D117-5679-4F1D-9A01-846F164BCFBD}.Debug|x86.ActiveCfg = Debug|Any CPU
		{2AD7D117-5679-4F1D-9A01-846F164BCFBD}.Debug|x86.Build.0 = Debug|Any CPU
		{2AD7D117-5679-4F1D-9A01-846F164BCFBD}.Release|Any CPU.ActiveCfg = Release|Any CPU
		{2AD7D117-5679-4F1D-9A01-846F164BCFBD}.Release|Any CPU.Build.0 = Release|Any CPU
		{2AD7D117-5679-4F1D-9A01-846F164BCFBD}.Release|ARM.ActiveCfg = Release|Any CPU
		{2AD7D117-5679-4F1D-9A01-846F164BCFBD}.Release|ARM.Build.0 = Release|Any CPU
		{2AD7D117-5679-4F1D-9A01-846F164BCFBD}.Release|ARM64.ActiveCfg = Release|Any CPU
		{2AD7D117-5679-4F1D-9A01-846F164BCFBD}.Release|ARM64.Build.0 = Release|Any CPU
		{2AD7D117-5679-4F1D-9A01-846F164BCFBD}.Release|x64.ActiveCfg = Release|Any CPU
		{2AD7D117-5679-4F1D-9A01-846F164BCFBD}.Release|x64.Build.0 = Release|Any CPU
		{2AD7D117-5679-4F1D-9A01-846F164BCFBD}.Release|x86.ActiveCfg = Release|Any CPU
		{2AD7D117-5679-4F1D-9A01-846F164BCFBD}.Release|x86.Build.0 = Release|Any CPU
		{DDCF32DF-E7EE-42C8-AC51-11A0BFF9790F}.Debug|Any CPU.ActiveCfg = Debug|Any CPU
		{DDCF32DF-E7EE-42C8-AC51-11A0BFF9790F}.Debug|Any CPU.Build.0 = Debug|Any CPU
		{DDCF32DF-E7EE-42C8-AC51-11A0BFF9790F}.Debug|ARM.ActiveCfg = Debug|Any CPU
		{DDCF32DF-E7EE-42C8-AC51-11A0BFF9790F}.Debug|ARM.Build.0 = Debug|Any CPU
		{DDCF32DF-E7EE-42C8-AC51-11A0BFF9790F}.Debug|ARM64.ActiveCfg = Debug|Any CPU
		{DDCF32DF-E7EE-42C8-AC51-11A0BFF9790F}.Debug|ARM64.Build.0 = Debug|Any CPU
		{DDCF32DF-E7EE-42C8-AC51-11A0BFF9790F}.Debug|x64.ActiveCfg = Debug|Any CPU
		{DDCF32DF-E7EE-42C8-AC51-11A0BFF9790F}.Debug|x64.Build.0 = Debug|Any CPU
		{DDCF32DF-E7EE-42C8-AC51-11A0BFF9790F}.Debug|x86.ActiveCfg = Debug|Any CPU
		{DDCF32DF-E7EE-42C8-AC51-11A0BFF9790F}.Debug|x86.Build.0 = Debug|Any CPU
		{DDCF32DF-E7EE-42C8-AC51-11A0BFF9790F}.Release|Any CPU.ActiveCfg = Release|Any CPU
		{DDCF32DF-E7EE-42C8-AC51-11A0BFF9790F}.Release|Any CPU.Build.0 = Release|Any CPU
		{DDCF32DF-E7EE-42C8-AC51-11A0BFF9790F}.Release|ARM.ActiveCfg = Release|Any CPU
		{DDCF32DF-E7EE-42C8-AC51-11A0BFF9790F}.Release|ARM.Build.0 = Release|Any CPU
		{DDCF32DF-E7EE-42C8-AC51-11A0BFF9790F}.Release|ARM64.ActiveCfg = Release|Any CPU
		{DDCF32DF-E7EE-42C8-AC51-11A0BFF9790F}.Release|ARM64.Build.0 = Release|Any CPU
		{DDCF32DF-E7EE-42C8-AC51-11A0BFF9790F}.Release|x64.ActiveCfg = Release|Any CPU
		{DDCF32DF-E7EE-42C8-AC51-11A0BFF9790F}.Release|x64.Build.0 = Release|Any CPU
		{DDCF32DF-E7EE-42C8-AC51-11A0BFF9790F}.Release|x86.ActiveCfg = Release|Any CPU
		{DDCF32DF-E7EE-42C8-AC51-11A0BFF9790F}.Release|x86.Build.0 = Release|Any CPU
	EndGlobalSection
	GlobalSection(SolutionProperties) = preSolution
		HideSolutionNode = FALSE
	EndGlobalSection
	GlobalSection(ExtensibilityGlobals) = postSolution
		SolutionGuid = {CD023ECC-F5DA-4B97-A1B5-7455527DB8FB}
	EndGlobalSection
EndGlobal
